
Microsoft Visual Studio Solution File, Format Version 12.00
# Visual Studio 15
VisualStudioVersion = 15.0.26730.12
MinimumVisualStudioVersion = 10.0.40219.1
Project("{FAE04EC0-301F-11D3-BF4B-00C04F79EFBC}") = "TicTacToe_JoelTaame", "TicTacToe_JoelTaame\TicTacToe_JoelTaame.csproj", "{5FA2AE47-4208-406A-9DAF-C7B2633D570B}"
EndProject
Global
	GlobalSection(SolutionConfigurationPlatforms) = preSolution
		Debug|Any CPU = Debug|Any CPU
		Release|Any CPU = Release|Any CPU
	EndGlobalSection
	GlobalSection(ProjectConfigurationPlatforms) = postSolution
		{5FA2AE47-4208-406A-9DAF-C7B2633D570B}.Debug|Any CPU.ActiveCfg = Debug|Any CPU
		{5FA2AE47-4208-406A-9DAF-C7B2633D570B}.Debug|Any CPU.Build.0 = Debug|Any CPU
		{5FA2AE47-4208-406A-9DAF-C7B2633D570B}.Release|Any CPU.ActiveCfg = Release|Any CPU
		{5FA2AE47-4208-406A-9DAF-C7B2633D570B}.Release|Any CPU.Build.0 = Release|Any CPU
	EndGlobalSection
	GlobalSection(SolutionProperties) = preSolution
		HideSolutionNode = FALSE
	EndGlobalSection
	GlobalSection(ExtensibilityGlobals) = postSolution
		SolutionGuid = {3B92066B-3C34-48B5-8D58-F230204D2FE5}
	EndGlobalSection
EndGlobal
